
Microsoft Visual Studio Solution File, Format Version 12.00
# Visual Studio 14
VisualStudioVersion = 14.0.25420.1
MinimumVisualStudioVersion = 10.0.40219.1
Project("{8BC9CEB8-8B4A-11D0-8D11-00A0C91BC942}") = "MsiDumpCommon", "lib\MsiDumpCommon.vcxproj", "{FDF86403-4770-4F68-B8E4-C505A248696E}"
EndProject
Project("{8BC9CEB8-8B4A-11D0-8D11-00A0C91BC942}") = "MsiDump", "console\MsiDump.vcxproj", "{4C9270B2-D58E-42CE-8481-66A21B1C2B1D}"
EndProject
Project("{8BC9CEB8-8B4A-11D0-8D11-00A0C91BC942}") = "MsiDumpCab", "gui\MsiDumpCab.vcxproj", "{23F47152-3B78-4369-8050-E4AD865825DE}"
EndProject
Project("{8BC9CEB8-8B4A-11D0-8D11-00A0C91BC942}") = "MsiDumpTest", "test\MsiDumpTest.vcxproj", "{D5A20E4B-1224-4A7E-B239-E0720F7C6149}"
EndProject
Project("{2150E333-8FDC-42A3-9474-1A3956D46DE8}") = "Build Common", "Build Common", "{5F80C6EB-2FB3-4BC4-AF0E-F1E870606C81}"
	ProjectSection(SolutionItems) = preProject
		msbuild\common.cpp.post.props = msbuild\common.cpp.post.props
		msbuild\common.cpp.pre.props = msbuild\common.cpp.pre.props
		msbuild\user.cpp.pre.props = msbuild\user.cpp.pre.props
		version.h = version.h
	EndProjectSection
EndProject
Project("{2150E333-8FDC-42A3-9474-1A3956D46DE8}") = "Dependencies", "Dependencies", "{D78C3A54-B2DF-45A4-A0FC-05D0AB7BF87D}"
EndProject
Project("{2150E333-8FDC-42A3-9474-1A3956D46DE8}") = "wtl", "wtl", "{5944EB0D-1FE2-45D9-B51B-000DB1035780}"
	ProjectSection(SolutionItems) = preProject
		deps\wtl\atlapp.h = deps\wtl\atlapp.h
		deps\wtl\atlctrls.h = deps\wtl\atlctrls.h
		deps\wtl\atldlgs.h = deps\wtl\atldlgs.h
		deps\wtl\atlframe.h = deps\wtl\atlframe.h
	EndProjectSection
EndProject
Global
	GlobalSection(SolutionConfigurationPlatforms) = preSolution
		Debug|x64 = Debug|x64
		Debug|x86 = Debug|x86
		Release|x64 = Release|x64
		Release|x86 = Release|x86
	EndGlobalSection
	GlobalSection(ProjectConfigurationPlatforms) = postSolution
		{FDF86403-4770-4F68-B8E4-C505A248696E}.Debug|x64.ActiveCfg = Debug|x64
		{FDF86403-4770-4F68-B8E4-C505A248696E}.Debug|x64.Build.0 = Debug|x64
		{FDF86403-4770-4F68-B8E4-C505A248696E}.Debug|x86.ActiveCfg = Debug|Win32
		{FDF86403-4770-4F68-B8E4-C505A248696E}.Debug|x86.Build.0 = Debug|Win32
		{FDF86403-4770-4F68-B8E4-C505A248696E}.Release|x64.ActiveCfg = Release|x64
		{FDF86403-4770-4F68-B8E4-C505A248696E}.Release|x64.Build.0 = Release|x64
		{FDF86403-4770-4F68-B8E4-C505A248696E}.Release|x86.ActiveCfg = Release|Win32
		{FDF86403-4770-4F68-B8E4-C505A248696E}.Release|x86.Build.0 = Release|Win32

		{4C9270B2-D58E-42CE-8481-66A21B1C2B1D}.Debug|x64.ActiveCfg = Debug|x64
		{4C9270B2-D58E-42CE-8481-66A21B1C2B1D}.Debug|x64.Build.0 = Debug|x64
		{4C9270B2-D58E-42CE-8481-66A21B1C2B1D}.Debug|x86.ActiveCfg = Debug|Win32
		{4C9270B2-D58E-42CE-8481-66A21B1C2B1D}.Debug|x86.Build.0 = Debug|Win32
		{4C9270B2-D58E-42CE-8481-66A21B1C2B1D}.Release|x64.ActiveCfg = Release|x64
		{4C9270B2-D58E-42CE-8481-66A21B1C2B1D}.Release|x64.Build.0 = Release|x64
		{4C9270B2-D58E-42CE-8481-66A21B1C2B1D}.Release|x86.ActiveCfg = Release|Win32
		{4C9270B2-D58E-42CE-8481-66A21B1C2B1D}.Release|x86.Build.0 = Release|Win32

		{23F47152-3B78-4369-8050-E4AD865825DE}.Debug|x64.ActiveCfg = Debug|x64
		{23F47152-3B78-4369-8050-E4AD865825DE}.Debug|x64.Build.0 = Debug|x64
		{23F47152-3B78-4369-8050-E4AD865825DE}.Debug|x86.ActiveCfg = Debug|Win32
		{23F47152-3B78-4369-8050-E4AD865825DE}.Debug|x86.Build.0 = Debug|Win32
		{23F47152-3B78-4369-8050-E4AD865825DE}.Release|x64.ActiveCfg = Release|x64
		{23F47152-3B78-4369-8050-E4AD865825DE}.Release|x64.Build.0 = Release|x64
		{23F47152-3B78-4369-8050-E4AD865825DE}.Release|x86.ActiveCfg = Release|Win32
		{23F47152-3B78-4369-8050-E4AD865825DE}.Release|x86.Build.0 = Release|Win32

		{D5A20E4B-1224-4A7E-B239-E0720F7C6149}.Debug|x64.ActiveCfg = Debug|x64
		{D5A20E4B-1224-4A7E-B239-E0720F7C6149}.Debug|x64.Build.0 = Debug|x64
		{D5A20E4B-1224-4A7E-B239-E0720F7C6149}.Debug|x86.ActiveCfg = Debug|Win32
		{D5A20E4B-1224-4A7E-B239-E0720F7C6149}.Debug|x86.Build.0 = Debug|Win32
		{D5A20E4B-1224-4A7E-B239-E0720F7C6149}.Release|x64.ActiveCfg = Release|x64
		{D5A20E4B-1224-4A7E-B239-E0720F7C6149}.Release|x64.Build.0 = Release|x64
		{D5A20E4B-1224-4A7E-B239-E0720F7C6149}.Release|x86.ActiveCfg = Release|Win32
		{D5A20E4B-1224-4A7E-B239-E0720F7C6149}.Release|x86.Build.0 = Release|Win32
	EndGlobalSection
	GlobalSection(NestedProjects) = preSolution
		{5944EB0D-1FE2-45D9-B51B-000DB1035780} = {D78C3A54-B2DF-45A4-A0FC-05D0AB7BF87D}
	EndGlobalSection
EndGlobal
