
Microsoft Visual Studio Solution File, Format Version 12.00
# Visual Studio 14
VisualStudioVersion = 14.0.25420.1
MinimumVisualStudioVersion = 10.0.40219.1
Project("{8BC9CEB8-8B4A-11D0-8D11-00A0C91BC942}") = "MsiDump", "console\MsiDump.vcxproj", "{9CBD7DFA-1754-4A9D-93D7-857A9D17CB1B}"
EndProject
Project("{8BC9CEB8-8B4A-11D0-8D11-00A0C91BC942}") = "MsiDumpCab", "gui\MsiDumpCab.vcxproj", "{23F47152-3B78-4369-8050-E4AD865825DE}"
EndProject
Global
	GlobalSection(SolutionConfigurationPlatforms) = preSolution
		Debug|x64 = Debug|x64
		Debug|x86 = Debug|x86
		Release|x64 = Release|x64
		Release|x86 = Release|x86
	EndGlobalSection
	GlobalSection(ProjectConfigurationPlatforms) = postSolution
		{9CBD7DFA-1754-4A9D-93D7-857A9D17CB1B}.Debug|x64.ActiveCfg = Debug|x64
		{9CBD7DFA-1754-4A9D-93D7-857A9D17CB1B}.Debug|x64.Build.0 = Debug|x64
		{9CBD7DFA-1754-4A9D-93D7-857A9D17CB1B}.Debug|x86.ActiveCfg = Debug|Win32
		{9CBD7DFA-1754-4A9D-93D7-857A9D17CB1B}.Debug|x86.Build.0 = Debug|Win32
		{9CBD7DFA-1754-4A9D-93D7-857A9D17CB1B}.Release|x64.ActiveCfg = Release|x64
		{9CBD7DFA-1754-4A9D-93D7-857A9D17CB1B}.Release|x64.Build.0 = Release|x64
		{9CBD7DFA-1754-4A9D-93D7-857A9D17CB1B}.Release|x86.ActiveCfg = Release|Win32
		{9CBD7DFA-1754-4A9D-93D7-857A9D17CB1B}.Release|x86.Build.0 = Release|Win32
		{23F47152-3B78-4369-8050-E4AD865825DE}.Debug|x64.ActiveCfg = Debug|x64
		{23F47152-3B78-4369-8050-E4AD865825DE}.Debug|x64.Build.0 = Debug|x64
		{23F47152-3B78-4369-8050-E4AD865825DE}.Debug|x86.ActiveCfg = Debug|Win32
		{23F47152-3B78-4369-8050-E4AD865825DE}.Debug|x86.Build.0 = Debug|Win32
		{23F47152-3B78-4369-8050-E4AD865825DE}.Release|x64.ActiveCfg = Release|x64
		{23F47152-3B78-4369-8050-E4AD865825DE}.Release|x64.Build.0 = Release|x64
		{23F47152-3B78-4369-8050-E4AD865825DE}.Release|x86.ActiveCfg = Release|Win32
		{23F47152-3B78-4369-8050-E4AD865825DE}.Release|x86.Build.0 = Release|Win32
	EndGlobalSection
EndGlobal
